<?xml version="1.0" encoding="UTF-8" standalone="yes" ?>
<CodeBlocks_project_file>
	<FileVersion major="1" minor="6" />
	<Project>
		<Option title="Bus Reservation System" />
		<Option pch_mode="2" />
		<Option compiler="gcc" />
		<Build>
			<Target title="Debug">
				<Option output="bin/Debug/Bus Reservation System" prefix_auto="1" extension_auto="1" />
				<Option object_output="obj/Debug/" />
				<Option type="1" />
				<Option compiler="gcc" />
				<Compiler>
					<Add option="-g" />
				</Compiler>
			</Target>
			<Target title="Release">
				<Option output="bin/Release/Bus Reservation System" prefix_auto="1" extension_auto="1" />
				<Option object_output="obj/Release/" />
				<Option type="1" />
				<Option compiler="gcc" />
				<Compiler>
					<Add option="-O2" />
				</Compiler>
				<Linker>
					<Add option="-s" />
				</Linker>
			</Target>
		</Build>
		<Compiler>
			<Add option="-Wall" />
		</Compiler>
		<Unit filename="admin.c">
			<Option compilerVar="CC" />
		</Unit>
		<Unit filename="admin_buscancellation.c">
			<Option compilerVar="CC" />
		</Unit>
		<Unit filename="busavailability.c">
			<Option compilerVar="CC" />
		</Unit>
		<Unit filename="busbooking.c">
			<Option compilerVar="CC" />
		</Unit>
		<Unit filename="buscancellation.c">
			<Option compilerVar="CC" />
		</Unit>
		<Unit filename="busfunction.h" />
		<Unit filename="choice.c">
			<Option compilerVar="CC" />
		</Unit>
		<Unit filename="choicefunction.h" />
		<Unit filename="design.c">
			<Option compilerVar="CC" />
		</Unit>
		<Unit filename="designfunction.h" />
		<Unit filename="login.c">
			<Option compilerVar="CC" />
		</Unit>
		<Unit filename="loginfunction.h" />
		<Unit filename="main.c">
			<Option compilerVar="CC" />
		</Unit>
		<Unit filename="status.c">
			<Option compilerVar="CC" />
		</Unit>
		<Unit filename="time_validation.c">
			<Option compilerVar="CC" />
		</Unit>
		<Extensions>
			<lib_finder disable_auto="1" />
		</Extensions>
	</Project>
</CodeBlocks_project_file>
